
Microsoft Visual Studio Solution File, Format Version 12.00
# Visual Studio Version 16
VisualStudioVersion = 16.0.29519.181
MinimumVisualStudioVersion = 10.0.40219.1
Project("{9A19103F-16F7-4668-BE54-9A1E7A4F7556}") = "DapperExtensionsDemo", "DapperExtensionsDemo\DapperExtensionsDemo.csproj", "{B3CC4567-FF08-4AB3-83A6-B8A43DF7C0E2}"
EndProject
Project("{FAE04EC0-301F-11D3-BF4B-00C04F79EFBC}") = "UnitTestProject1", "UnitTestProject1\UnitTestProject1.csproj", "{DD11E78C-922C-4C16-8F67-9DD7A9A00EAB}"
EndProject
Global
	GlobalSection(SolutionConfigurationPlatforms) = preSolution
		Debug|Any CPU = Debug|Any CPU
		Release|Any CPU = Release|Any CPU
	EndGlobalSection
	GlobalSection(ProjectConfigurationPlatforms) = postSolution
		{B3CC4567-FF08-4AB3-83A6-B8A43DF7C0E2}.Debug|Any CPU.ActiveCfg = Debug|Any CPU
		{B3CC4567-FF08-4AB3-83A6-B8A43DF7C0E2}.Debug|Any CPU.Build.0 = Debug|Any CPU
		{B3CC4567-FF08-4AB3-83A6-B8A43DF7C0E2}.Release|Any CPU.ActiveCfg = Release|Any CPU
		{B3CC4567-FF08-4AB3-83A6-B8A43DF7C0E2}.Release|Any CPU.Build.0 = Release|Any CPU
		{DD11E78C-922C-4C16-8F67-9DD7A9A00EAB}.Debug|Any CPU.ActiveCfg = Debug|Any CPU
		{DD11E78C-922C-4C16-8F67-9DD7A9A00EAB}.Debug|Any CPU.Build.0 = Debug|Any CPU
		{DD11E78C-922C-4C16-8F67-9DD7A9A00EAB}.Release|Any CPU.ActiveCfg = Release|Any CPU
		{DD11E78C-922C-4C16-8F67-9DD7A9A00EAB}.Release|Any CPU.Build.0 = Release|Any CPU
	EndGlobalSection
	GlobalSection(SolutionProperties) = preSolution
		HideSolutionNode = FALSE
	EndGlobalSection
	GlobalSection(ExtensibilityGlobals) = postSolution
		SolutionGuid = {09907A48-AF44-4AEC-A0E0-24014DE84AC6}
	EndGlobalSection
EndGlobal
